
Microsoft Visual Studio Solution File, Format Version 12.00
# Visual Studio 15
VisualStudioVersion = 15.0.27703.2042
MinimumVisualStudioVersion = 10.0.40219.1
Project("{FAE04EC0-301F-11D3-BF4B-00C04F79EFBC}") = "WFC", "WFC\WFC.csproj", "{3D654E40-7932-4EC2-A3E3-E7F7FC8DCA2C}"
EndProject
Global
	GlobalSection(SolutionConfigurationPlatforms) = preSolution
		Debug|Any CPU = Debug|Any CPU
		Release|Any CPU = Release|Any CPU
	EndGlobalSection
	GlobalSection(ProjectConfigurationPlatforms) = postSolution
		{3D654E40-7932-4EC2-A3E3-E7F7FC8DCA2C}.Debug|Any CPU.ActiveCfg = Debug|Any CPU
		{3D654E40-7932-4EC2-A3E3-E7F7FC8DCA2C}.Debug|Any CPU.Build.0 = Debug|Any CPU
		{3D654E40-7932-4EC2-A3E3-E7F7FC8DCA2C}.Release|Any CPU.ActiveCfg = Release|Any CPU
		{3D654E40-7932-4EC2-A3E3-E7F7FC8DCA2C}.Release|Any CPU.Build.0 = Release|Any CPU
	EndGlobalSection
	GlobalSection(SolutionProperties) = preSolution
		HideSolutionNode = FALSE
	EndGlobalSection
	GlobalSection(ExtensibilityGlobals) = postSolution
		SolutionGuid = {FA607591-C2D4-416A-96D1-24791D3FFBF0}
	EndGlobalSection
EndGlobal
